
Microsoft Visual Studio Solution File, Format Version 12.00
# Visual Studio Version 16
VisualStudioVersion = 16.0.31410.357
MinimumVisualStudioVersion = 10.0.40219.1
Project("{FAE04EC0-301F-11D3-BF4B-00C04F79EFBC}") = "eshop.API", "eshop.API\eshop.API.csproj", "{0173F07D-D506-4511-BB53-2F0C7F2D22E1}"
EndProject
Project("{FAE04EC0-301F-11D3-BF4B-00C04F79EFBC}") = "eshop.Services", "eshop.Services\eshop.Services.csproj", "{757FFEDF-6FE0-406F-BB12-9C4E935E5F2A}"
EndProject
Project("{FAE04EC0-301F-11D3-BF4B-00C04F79EFBC}") = "eshop.Data", "eshop.Data\eshop.Data.csproj", "{54B32869-F44D-437C-8DFD-E09FCDCE6CC9}"
EndProject
Project("{FAE04EC0-301F-11D3-BF4B-00C04F79EFBC}") = "eshop.Models", "eshop.Models\eshop.Models.csproj", "{7B3CF560-779B-4022-8E13-63BEC453D67F}"
EndProject
Project("{FAE04EC0-301F-11D3-BF4B-00C04F79EFBC}") = "eshop.Tests", "eshop.Tests\eshop.Tests.csproj", "{09966A5E-EDDB-458D-B285-CE32B2455A9C}"
EndProject
Global
	GlobalSection(SolutionConfigurationPlatforms) = preSolution
		Debug|Any CPU = Debug|Any CPU
		Release|Any CPU = Release|Any CPU
	EndGlobalSection
	GlobalSection(ProjectConfigurationPlatforms) = postSolution
		{0173F07D-D506-4511-BB53-2F0C7F2D22E1}.Debug|Any CPU.ActiveCfg = Debug|Any CPU
		{0173F07D-D506-4511-BB53-2F0C7F2D22E1}.Debug|Any CPU.Build.0 = Debug|Any CPU
		{0173F07D-D506-4511-BB53-2F0C7F2D22E1}.Release|Any CPU.ActiveCfg = Release|Any CPU
		{0173F07D-D506-4511-BB53-2F0C7F2D22E1}.Release|Any CPU.Build.0 = Release|Any CPU
		{757FFEDF-6FE0-406F-BB12-9C4E935E5F2A}.Debug|Any CPU.ActiveCfg = Debug|Any CPU
		{757FFEDF-6FE0-406F-BB12-9C4E935E5F2A}.Debug|Any CPU.Build.0 = Debug|Any CPU
		{757FFEDF-6FE0-406F-BB12-9C4E935E5F2A}.Release|Any CPU.ActiveCfg = Release|Any CPU
		{757FFEDF-6FE0-406F-BB12-9C4E935E5F2A}.Release|Any CPU.Build.0 = Release|Any CPU
		{54B32869-F44D-437C-8DFD-E09FCDCE6CC9}.Debug|Any CPU.ActiveCfg = Debug|Any CPU
		{54B32869-F44D-437C-8DFD-E09FCDCE6CC9}.Debug|Any CPU.Build.0 = Debug|Any CPU
		{54B32869-F44D-437C-8DFD-E09FCDCE6CC9}.Release|Any CPU.ActiveCfg = Release|Any CPU
		{54B32869-F44D-437C-8DFD-E09FCDCE6CC9}.Release|Any CPU.Build.0 = Release|Any CPU
		{7B3CF560-779B-4022-8E13-63BEC453D67F}.Debug|Any CPU.ActiveCfg = Debug|Any CPU
		{7B3CF560-779B-4022-8E13-63BEC453D67F}.Debug|Any CPU.Build.0 = Debug|Any CPU
		{7B3CF560-779B-4022-8E13-63BEC453D67F}.Release|Any CPU.ActiveCfg = Release|Any CPU
		{7B3CF560-779B-4022-8E13-63BEC453D67F}.Release|Any CPU.Build.0 = Release|Any CPU
		{09966A5E-EDDB-458D-B285-CE32B2455A9C}.Debug|Any CPU.ActiveCfg = Debug|Any CPU
		{09966A5E-EDDB-458D-B285-CE32B2455A9C}.Debug|Any CPU.Build.0 = Debug|Any CPU
		{09966A5E-EDDB-458D-B285-CE32B2455A9C}.Release|Any CPU.ActiveCfg = Release|Any CPU
		{09966A5E-EDDB-458D-B285-CE32B2455A9C}.Release|Any CPU.Build.0 = Release|Any CPU
	EndGlobalSection
	GlobalSection(SolutionProperties) = preSolution
		HideSolutionNode = FALSE
	EndGlobalSection
	GlobalSection(ExtensibilityGlobals) = postSolution
		SolutionGuid = {16C05941-6421-46DB-9D86-FD56AB47D582}
	EndGlobalSection
EndGlobal
